
Microsoft Visual Studio Solution File, Format Version 12.00
# Visual Studio Version 17
VisualStudioVersion = 17.4.33103.184
MinimumVisualStudioVersion = 10.0.40219.1
Project("{9A19103F-16F7-4668-BE54-9A1E7A4F7556}") = "RiptideFNATankClient", "RiptideFNATankClient\RiptideFNATankClient.csproj", "{78352DF9-934F-4D8B-8A57-2815F9292F8E}"
EndProject
Project("{9A19103F-16F7-4668-BE54-9A1E7A4F7556}") = "RiptideNetworking", "..\..\..\ThirdParty\Riptide\RiptideNetworking\RiptideNetworking\RiptideNetworking.csproj", "{90D83C59-A4A0-4B08-9795-0F8681231704}"
EndProject
Project("{9A19103F-16F7-4668-BE54-9A1E7A4F7556}") = "RiptideFNATankCommon", "RiptideFNATankCommon\RiptideFNATankCommon.csproj", "{5F80DF71-67FE-427E-AA59-EC13BEAF430B}"
EndProject
Project("{9A19103F-16F7-4668-BE54-9A1E7A4F7556}") = "RiptideFNATankServer", "RiptideFNATankServer\RiptideFNATankServer.csproj", "{8400545F-D6B5-4B60-8076-60B190BB7FC5}"
EndProject
Project("{9A19103F-16F7-4668-BE54-9A1E7A4F7556}") = "Wombat", "Wombat\Wombat.csproj", "{63256546-CA11-4817-A064-1DECC78CBF12}"
EndProject
Project("{9A19103F-16F7-4668-BE54-9A1E7A4F7556}") = "MoonTools.ECS", "..\..\..\ThirdParty\MoonTools.ECS\MoonTools.ECS.csproj", "{1DAFA144-929A-4576-BBD9-537C5FED14DE}"
EndProject
Global
	GlobalSection(SolutionConfigurationPlatforms) = preSolution
		Debug|Any CPU = Debug|Any CPU
		Release|Any CPU = Release|Any CPU
	EndGlobalSection
	GlobalSection(ProjectConfigurationPlatforms) = postSolution
		{78352DF9-934F-4D8B-8A57-2815F9292F8E}.Debug|Any CPU.ActiveCfg = Debug|Any CPU
		{78352DF9-934F-4D8B-8A57-2815F9292F8E}.Debug|Any CPU.Build.0 = Debug|Any CPU
		{78352DF9-934F-4D8B-8A57-2815F9292F8E}.Release|Any CPU.ActiveCfg = Release|Any CPU
		{78352DF9-934F-4D8B-8A57-2815F9292F8E}.Release|Any CPU.Build.0 = Release|Any CPU
		{90D83C59-A4A0-4B08-9795-0F8681231704}.Debug|Any CPU.ActiveCfg = Debug|Any CPU
		{90D83C59-A4A0-4B08-9795-0F8681231704}.Debug|Any CPU.Build.0 = Debug|Any CPU
		{90D83C59-A4A0-4B08-9795-0F8681231704}.Release|Any CPU.ActiveCfg = Release|Any CPU
		{90D83C59-A4A0-4B08-9795-0F8681231704}.Release|Any CPU.Build.0 = Release|Any CPU
		{5F80DF71-67FE-427E-AA59-EC13BEAF430B}.Debug|Any CPU.ActiveCfg = Debug|Any CPU
		{5F80DF71-67FE-427E-AA59-EC13BEAF430B}.Debug|Any CPU.Build.0 = Debug|Any CPU
		{5F80DF71-67FE-427E-AA59-EC13BEAF430B}.Release|Any CPU.ActiveCfg = Release|Any CPU
		{5F80DF71-67FE-427E-AA59-EC13BEAF430B}.Release|Any CPU.Build.0 = Release|Any CPU
		{8400545F-D6B5-4B60-8076-60B190BB7FC5}.Debug|Any CPU.ActiveCfg = Debug|Any CPU
		{8400545F-D6B5-4B60-8076-60B190BB7FC5}.Debug|Any CPU.Build.0 = Debug|Any CPU
		{8400545F-D6B5-4B60-8076-60B190BB7FC5}.Release|Any CPU.ActiveCfg = Release|Any CPU
		{8400545F-D6B5-4B60-8076-60B190BB7FC5}.Release|Any CPU.Build.0 = Release|Any CPU
		{63256546-CA11-4817-A064-1DECC78CBF12}.Debug|Any CPU.ActiveCfg = Debug|Any CPU
		{63256546-CA11-4817-A064-1DECC78CBF12}.Debug|Any CPU.Build.0 = Debug|Any CPU
		{63256546-CA11-4817-A064-1DECC78CBF12}.Release|Any CPU.ActiveCfg = Release|Any CPU
		{63256546-CA11-4817-A064-1DECC78CBF12}.Release|Any CPU.Build.0 = Release|Any CPU
		{1DAFA144-929A-4576-BBD9-537C5FED14DE}.Debug|Any CPU.ActiveCfg = Debug|Any CPU
		{1DAFA144-929A-4576-BBD9-537C5FED14DE}.Debug|Any CPU.Build.0 = Debug|Any CPU
		{1DAFA144-929A-4576-BBD9-537C5FED14DE}.Release|Any CPU.ActiveCfg = Release|Any CPU
		{1DAFA144-929A-4576-BBD9-537C5FED14DE}.Release|Any CPU.Build.0 = Release|Any CPU
	EndGlobalSection
	GlobalSection(SolutionProperties) = preSolution
		HideSolutionNode = FALSE
	EndGlobalSection
	GlobalSection(ExtensibilityGlobals) = postSolution
		SolutionGuid = {5C0BBC5D-9BB8-4471-963E-FE77B988FBD5}
	EndGlobalSection
EndGlobal
